# This file is automatically @generated by Cargo.
# It is not intended for manual editing.
version = 4

[[package]]
name = "AdventOfCode2024"
version = "0.1.0"
dependencies = [
 "tuples",
]

[[package]]
name = "tuples"
version = "1.16.0"
source = "registry+https://github.com/rust-lang/crates.io-index"
checksum = "2dd6c24c6d32b904abc35343bf05fde6e4a88980b3a7331a85c2a0d5447d53e2"
